
Microsoft Visual Studio Solution File, Format Version 12.00
# Visual Studio Version 17
VisualStudioVersion = 17.8.34309.116
MinimumVisualStudioVersion = 10.0.40219.1
Project("{FAE04EC0-301F-11D3-BF4B-00C04F79EFBC}") = "AssemblyLoaderAPI", "API\AssemblyLoaderAPI.csproj", "{42B2CB55-2E9B-490B-909A-9D9167A8C0E1}"
EndProject
Global
	GlobalSection(SolutionConfigurationPlatforms) = preSolution
		Debug|Any CPU = Debug|Any CPU
		Release|Any CPU = Release|Any CPU
	EndGlobalSection
	GlobalSection(ProjectConfigurationPlatforms) = postSolution
		{42B2CB55-2E9B-490B-909A-9D9167A8C0E1}.Debug|Any CPU.ActiveCfg = Debug|Any CPU
		{42B2CB55-2E9B-490B-909A-9D9167A8C0E1}.Debug|Any CPU.Build.0 = Debug|Any CPU
		{42B2CB55-2E9B-490B-909A-9D9167A8C0E1}.Release|Any CPU.ActiveCfg = Release|Any CPU
		{42B2CB55-2E9B-490B-909A-9D9167A8C0E1}.Release|Any CPU.Build.0 = Release|Any CPU
	EndGlobalSection
	GlobalSection(SolutionProperties) = preSolution
		HideSolutionNode = FALSE
	EndGlobalSection
	GlobalSection(ExtensibilityGlobals) = postSolution
		SolutionGuid = {82504572-C245-408E-A268-EC371B67D9C8}
	EndGlobalSection
EndGlobal
